
Microsoft Visual Studio Solution File, Format Version 12.00
# Visual Studio 2012
Project("{FAE04EC0-301F-11D3-BF4B-00C04F79EFBC}") = "VoipAndMessagingTest.iOS", "iOS\VoipAndMessagingTest.iOS.csproj", "{95B5F7D0-B1F0-4F43-826F-630CB6B385B6}"
EndProject
Project("{FAE04EC0-301F-11D3-BF4B-00C04F79EFBC}") = "VoipAndMessagingTest.Droid", "Droid\VoipAndMessagingTest.Droid.csproj", "{8CEDD1D4-25EB-4502-851A-AB554B134792}"
EndProject
Project("{FAE04EC0-301F-11D3-BF4B-00C04F79EFBC}") = "VoipAndMessagingTest", "VoipAndMessagingTest.Core\VoipAndMessagingTest.csproj", "{9FD118A0-4289-4B48-86C6-53C0A8FD49BB}"
EndProject
Global
	GlobalSection(SolutionConfigurationPlatforms) = preSolution
		Debug|Any CPU = Debug|Any CPU
		Release|Any CPU = Release|Any CPU
		Debug|iPhoneSimulator = Debug|iPhoneSimulator
		Release|iPhone = Release|iPhone
		Release|iPhoneSimulator = Release|iPhoneSimulator
		Debug|iPhone = Debug|iPhone
	EndGlobalSection
	GlobalSection(ProjectConfigurationPlatforms) = postSolution
		{95B5F7D0-B1F0-4F43-826F-630CB6B385B6}.Debug|Any CPU.ActiveCfg = Debug|iPhoneSimulator
		{95B5F7D0-B1F0-4F43-826F-630CB6B385B6}.Debug|Any CPU.Build.0 = Debug|iPhoneSimulator
		{95B5F7D0-B1F0-4F43-826F-630CB6B385B6}.Release|Any CPU.ActiveCfg = Release|iPhone
		{95B5F7D0-B1F0-4F43-826F-630CB6B385B6}.Release|Any CPU.Build.0 = Release|iPhone
		{95B5F7D0-B1F0-4F43-826F-630CB6B385B6}.Debug|iPhoneSimulator.ActiveCfg = Debug|iPhoneSimulator
		{95B5F7D0-B1F0-4F43-826F-630CB6B385B6}.Debug|iPhoneSimulator.Build.0 = Debug|iPhoneSimulator
		{95B5F7D0-B1F0-4F43-826F-630CB6B385B6}.Release|iPhone.ActiveCfg = Release|iPhone
		{95B5F7D0-B1F0-4F43-826F-630CB6B385B6}.Release|iPhone.Build.0 = Release|iPhone
		{95B5F7D0-B1F0-4F43-826F-630CB6B385B6}.Release|iPhoneSimulator.ActiveCfg = Release|iPhoneSimulator
		{95B5F7D0-B1F0-4F43-826F-630CB6B385B6}.Release|iPhoneSimulator.Build.0 = Release|iPhoneSimulator
		{95B5F7D0-B1F0-4F43-826F-630CB6B385B6}.Debug|iPhone.ActiveCfg = Debug|iPhone
		{95B5F7D0-B1F0-4F43-826F-630CB6B385B6}.Debug|iPhone.Build.0 = Debug|iPhone
		{8CEDD1D4-25EB-4502-851A-AB554B134792}.Debug|Any CPU.ActiveCfg = Debug|Any CPU
		{8CEDD1D4-25EB-4502-851A-AB554B134792}.Debug|Any CPU.Build.0 = Debug|Any CPU
		{8CEDD1D4-25EB-4502-851A-AB554B134792}.Release|Any CPU.ActiveCfg = Release|Any CPU
		{8CEDD1D4-25EB-4502-851A-AB554B134792}.Release|Any CPU.Build.0 = Release|Any CPU
		{8CEDD1D4-25EB-4502-851A-AB554B134792}.Debug|iPhoneSimulator.ActiveCfg = Debug|Any CPU
		{8CEDD1D4-25EB-4502-851A-AB554B134792}.Debug|iPhoneSimulator.Build.0 = Debug|Any CPU
		{8CEDD1D4-25EB-4502-851A-AB554B134792}.Release|iPhone.ActiveCfg = Release|Any CPU
		{8CEDD1D4-25EB-4502-851A-AB554B134792}.Release|iPhone.Build.0 = Release|Any CPU
		{8CEDD1D4-25EB-4502-851A-AB554B134792}.Release|iPhoneSimulator.ActiveCfg = Release|Any CPU
		{8CEDD1D4-25EB-4502-851A-AB554B134792}.Release|iPhoneSimulator.Build.0 = Release|Any CPU
		{8CEDD1D4-25EB-4502-851A-AB554B134792}.Debug|iPhone.ActiveCfg = Debug|Any CPU
		{8CEDD1D4-25EB-4502-851A-AB554B134792}.Debug|iPhone.Build.0 = Debug|Any CPU
		{9FD118A0-4289-4B48-86C6-53C0A8FD49BB}.Debug|Any CPU.ActiveCfg = Debug|Any CPU
		{9FD118A0-4289-4B48-86C6-53C0A8FD49BB}.Debug|Any CPU.Build.0 = Debug|Any CPU
		{9FD118A0-4289-4B48-86C6-53C0A8FD49BB}.Release|Any CPU.ActiveCfg = Release|Any CPU
		{9FD118A0-4289-4B48-86C6-53C0A8FD49BB}.Release|Any CPU.Build.0 = Release|Any CPU
		{9FD118A0-4289-4B48-86C6-53C0A8FD49BB}.Debug|iPhoneSimulator.ActiveCfg = Debug|Any CPU
		{9FD118A0-4289-4B48-86C6-53C0A8FD49BB}.Debug|iPhoneSimulator.Build.0 = Debug|Any CPU
		{9FD118A0-4289-4B48-86C6-53C0A8FD49BB}.Release|iPhone.ActiveCfg = Release|Any CPU
		{9FD118A0-4289-4B48-86C6-53C0A8FD49BB}.Release|iPhone.Build.0 = Release|Any CPU
		{9FD118A0-4289-4B48-86C6-53C0A8FD49BB}.Release|iPhoneSimulator.ActiveCfg = Release|Any CPU
		{9FD118A0-4289-4B48-86C6-53C0A8FD49BB}.Release|iPhoneSimulator.Build.0 = Release|Any CPU
		{9FD118A0-4289-4B48-86C6-53C0A8FD49BB}.Debug|iPhone.ActiveCfg = Debug|Any CPU
		{9FD118A0-4289-4B48-86C6-53C0A8FD49BB}.Debug|iPhone.Build.0 = Debug|Any CPU
	EndGlobalSection
EndGlobal
